
Microsoft Visual Studio Solution File, Format Version 12.00
# Visual Studio Version 17
VisualStudioVersion = 17.13.35731.43
MinimumVisualStudioVersion = 10.0.40219.1
Project("{FAE04EC0-301F-11D3-BF4B-00C04F79EFBC}") = "letscrypto-core-all", "letscrypto-core-all\letscrypto-core-all.csproj", "{4420801C-E573-4CCB-9AFB-CD3203646EED}"
EndProject
Project("{FAE04EC0-301F-11D3-BF4B-00C04F79EFBC}") = "letscrypto-cli-all", "letscrypto-cli-all\letscrypto-cli-all.csproj", "{475ACF90-CEAE-46B1-9D13-9999479810D1}"
EndProject
Project("{FAE04EC0-301F-11D3-BF4B-00C04F79EFBC}") = "letscrypto-gui-windows", "letscrypto-gui-windows\letscrypto-gui-windows.csproj", "{4C7A10E4-A166-485C-A998-98B036805C6F}"
EndProject
Global
	GlobalSection(SolutionConfigurationPlatforms) = preSolution
		Debug|Any CPU = Debug|Any CPU
		Release|Any CPU = Release|Any CPU
		Description = Let's encrypt together
	EndGlobalSection
	GlobalSection(ProjectConfigurationPlatforms) = postSolution
		{4420801C-E573-4CCB-9AFB-CD3203646EED}.Debug|Any CPU.ActiveCfg = Debug|Any CPU
		{4420801C-E573-4CCB-9AFB-CD3203646EED}.Debug|Any CPU.Build.0 = Debug|Any CPU
		{4420801C-E573-4CCB-9AFB-CD3203646EED}.Release|Any CPU.ActiveCfg = Release|Any CPU
		{4420801C-E573-4CCB-9AFB-CD3203646EED}.Release|Any CPU.Build.0 = Release|Any CPU
		{475ACF90-CEAE-46B1-9D13-9999479810D1}.Debug|Any CPU.ActiveCfg = Debug|Any CPU
		{475ACF90-CEAE-46B1-9D13-9999479810D1}.Debug|Any CPU.Build.0 = Debug|Any CPU
		{475ACF90-CEAE-46B1-9D13-9999479810D1}.Release|Any CPU.ActiveCfg = Release|Any CPU
		{475ACF90-CEAE-46B1-9D13-9999479810D1}.Release|Any CPU.Build.0 = Release|Any CPU
		{4C7A10E4-A166-485C-A998-98B036805C6F}.Debug|Any CPU.ActiveCfg = Debug|Any CPU
		{4C7A10E4-A166-485C-A998-98B036805C6F}.Debug|Any CPU.Build.0 = Debug|Any CPU
		{4C7A10E4-A166-485C-A998-98B036805C6F}.Release|Any CPU.ActiveCfg = Release|Any CPU
		{4C7A10E4-A166-485C-A998-98B036805C6F}.Release|Any CPU.Build.0 = Release|Any CPU
	EndGlobalSection
	GlobalSection(SolutionProperties) = preSolution
		HideSolutionNode = FALSE
	EndGlobalSection
	GlobalSection(ExtensibilityGlobals) = postSolution
		SolutionGuid = {8A64AABA-105A-4085-8788-5AB0351FAB34}
	EndGlobalSection
EndGlobal
